# This file is autogenerated, do not edit; changes may be undone by the next 'dep ensure'.


[[projects]]
  branch = "master"
  name = "github.com/NVIDIA/gpu-monitoring-tools"
  packages = ["bindings/go/nvml"]
  revision = "d08ea3cdcce49498e9f7bab532df4d75351fdc0e"

[solve-meta]
  analyzer-name = "dep"
  analyzer-version = 1
  inputs-digest = "dfd0c7497372fd44428e959e8e7f5d961b988093eed060a37c4682e287c9e825"
  solver-name = "gps-cdcl"
  solver-version = 1
