# This file is autogenerated, do not edit; changes may be undone by the next 'dep ensure'.


[[projects]]
  branch = "master"
  digest = "1:e21256dec8b811866e7270375a68dea1da90313d0fa30a52bb0f89bf765b38c8"
  name = "github.com/NVIDIA/gpu-monitoring-tools"
  packages = ["bindings/go/nvml"]
  pruneopts = "UT"
  revision = "d50172b8f2da8a6654a43642eceda3a90f94dc99"

[solve-meta]
  analyzer-name = "dep"
  analyzer-version = 1
  input-imports = ["github.com/NVIDIA/gpu-monitoring-tools/bindings/go/nvml"]
  solver-name = "gps-cdcl"
  solver-version = 1
